<?xml version="1.0" encoding="utf-8"?>
<Project ToolsVersion="4.0" xmlns="http://schemas.microsoft.com/developer/msbuild/2003">
  <ItemGroup>
    <Filter Include="Common">
      <UniqueIdentifier>59817d26-c95d-42fa-86e1-17bfb059ccaf</UniqueIdentifier>
    </Filter>
    <Filter Include="Assets">
      <UniqueIdentifier>40429be5-2926-4ecb-b070-7922e1c633fe</UniqueIdentifier>
      <Extensions>ico;cur;bmp;dds;dlg;fbx;rct;bin;rgs;gif;jpg;jpeg;jpe;resx;tga;tiff;tif;png;wav;mfcribbon-ms</Extensions>
    </Filter>
    <Filter Include="fmt">
      <UniqueIdentifier>{a442010c-d978-4aa6-8ac1-aa3cc413c51d}</UniqueIdentifier>
    </Filter>
    <Filter Include="AppStates">
      <UniqueIdentifier>{00cffc13-b446-4f4f-9ca5-93636dc0ffcc}</UniqueIdentifier>
    </Filter>
    <Filter Include="utils">
      <UniqueIdentifier>{41c3b207-9b46-47bc-9aa4-8bd06810dda8}</UniqueIdentifier>
    </Filter>
    <Filter Include="json11">
      <UniqueIdentifier>{7aded630-04b9-4e17-9ee8-2d8da3b4dcf4}</UniqueIdentifier>
    </Filter>
    <Filter Include="Editor">
      <UniqueIdentifier>{bf06e384-1d74-4dc0-aa25-fe83f2652f0c}</UniqueIdentifier>
    </Filter>
  </ItemGroup>
  <ItemGroup>
    <ClInclude Include="pch.h" />
    <ClInclude Include="Game.h" />
    <ClInclude Include="StepTimer.h">
      <Filter>Common</Filter>
    </ClInclude>
    <ClInclude Include="DeviceResources.h">
      <Filter>Common</Filter>
    </ClInclude>
    <ClInclude Include="Starfield.h" />
    <ClInclude Include="Entity.h" />
    <ClInclude Include="DebugDraw.h" />
    <ClInclude Include="fmt\format.h">
      <Filter>fmt</Filter>
    </ClInclude>
    <ClInclude Include="MenuManager.h" />
    <ClInclude Include="AppStates\MainMenuState.h">
      <Filter>AppStates</Filter>
    </ClInclude>
    <ClInclude Include="AppStates\IAppState.h">
      <Filter>AppStates</Filter>
    </ClInclude>
    <ClInclude Include="AppStates\GamePlayState.h">
      <Filter>AppStates</Filter>
    </ClInclude>
    <ClInclude Include="AppResources.h" />
    <ClInclude Include="AppContext.h" />
    <ClInclude Include="GameLogic.h" />
    <ClInclude Include="AppStates\AppStates.h">
      <Filter>AppStates</Filter>
    </ClInclude>
    <ClInclude Include="AppStates\PauseMenuState.h">
      <Filter>AppStates</Filter>
    </ClInclude>
    <ClInclude Include="Enemies.h" />
    <ClInclude Include="AppStates\GameOverState.h">
      <Filter>AppStates</Filter>
    </ClInclude>
    <ClInclude Include="AppStates\GetReadyState.h">
      <Filter>AppStates</Filter>
    </ClInclude>
    <ClInclude Include="Explosions.h" />
    <ClInclude Include="AppStates\ShowScoresState.h">
      <Filter>AppStates</Filter>
    </ClInclude>
    <ClInclude Include="ScoreBoard.h" />
    <ClInclude Include="AppStates\ScoreEntryState.h">
      <Filter>AppStates</Filter>
    </ClInclude>
    <ClInclude Include="utils\Log.h">
      <Filter>utils</Filter>
    </ClInclude>
    <ClInclude Include="UIDebugDraw.h" />
    <ClInclude Include="AppStates\EditorState.h">
      <Filter>AppStates</Filter>
    </ClInclude>
    <ClInclude Include="json11\json11.hpp">
      <Filter>json11</Filter>
    </ClInclude>
    <ClInclude Include="LevelData.h" />
    <ClInclude Include="ResourceIDs.h" />
    <ClInclude Include="Editor\IMode.h">
      <Filter>Editor</Filter>
    </ClInclude>
    <ClInclude Include="Editor\IRenameableMode.h">
      <Filter>Editor</Filter>
    </ClInclude>
    <ClInclude Include="Editor\LevelEditorMode.h">
      <Filter>Editor</Filter>
    </ClInclude>
    <ClInclude Include="Editor\LevelListMode.h">
      <Filter>Editor</Filter>
    </ClInclude>
    <ClInclude Include="Editor\Modes.h">
      <Filter>Editor</Filter>
    </ClInclude>
    <ClInclude Include="Editor\FormationListMode.h">
      <Filter>Editor</Filter>
    </ClInclude>
    <ClInclude Include="Editor\FormationSectionEditorMode.h">
      <Filter>Editor</Filter>
    </ClInclude>
    <ClInclude Include="Editor\PathEditorMode.h">
      <Filter>Editor</Filter>
    </ClInclude>
    <ClInclude Include="Editor\PathListMode.h">
      <Filter>Editor</Filter>
    </ClInclude>
    <ClInclude Include="Editor\ModeMenu.h">
      <Filter>Editor</Filter>
    </ClInclude>
  </ItemGroup>
  <ItemGroup>
    <ClCompile Include="pch.cpp" />
    <ClCompile Include="Game.cpp" />
    <ClCompile Include="Main.cpp" />
    <ClCompile Include="DeviceResources.cpp">
      <Filter>Common</Filter>
    </ClCompile>
    <ClCompile Include="Starfield.cpp" />
    <ClCompile Include="Entity.cpp" />
    <ClCompile Include="DebugDraw.cpp" />
    <ClCompile Include="fmt\format.cc">
      <Filter>fmt</Filter>
    </ClCompile>
    <ClCompile Include="MenuManager.cpp" />
    <ClCompile Include="AppStates\MainMenuState.cpp">
      <Filter>AppStates</Filter>
    </ClCompile>
    <ClCompile Include="AppStates\GamePlayState.cpp">
      <Filter>AppStates</Filter>
    </ClCompile>
    <ClCompile Include="GameLogic.cpp" />
    <ClCompile Include="AppStates\AppStates.cpp">
      <Filter>AppStates</Filter>
    </ClCompile>
    <ClCompile Include="AppStates\PauseMenuState.cpp">
      <Filter>AppStates</Filter>
    </ClCompile>
    <ClCompile Include="Enemies.cpp" />
    <ClCompile Include="AppStates\GameOverState.cpp">
      <Filter>AppStates</Filter>
    </ClCompile>
    <ClCompile Include="AppStates\GetReadyState.cpp">
      <Filter>AppStates</Filter>
    </ClCompile>
    <ClCompile Include="Explosions.cpp" />
    <ClCompile Include="AppStates\ShowScoresState.cpp">
      <Filter>AppStates</Filter>
    </ClCompile>
    <ClCompile Include="ScoreBoard.cpp" />
    <ClCompile Include="AppStates\ScoreEntryState.cpp">
      <Filter>AppStates</Filter>
    </ClCompile>
    <ClCompile Include="UIDebugDraw.cpp" />
    <ClCompile Include="utils\Log.cpp">
      <Filter>utils</Filter>
    </ClCompile>
    <ClCompile Include="AppStates\EditorState.cpp">
      <Filter>AppStates</Filter>
    </ClCompile>
    <ClCompile Include="json11\json11.cpp">
      <Filter>json11</Filter>
    </ClCompile>
    <ClCompile Include="LevelData.cpp" />
    <ClCompile Include="Editor\IMode.cpp">
      <Filter>Editor</Filter>
    </ClCompile>
    <ClCompile Include="Editor\IRenameableMode.cpp">
      <Filter>Editor</Filter>
    </ClCompile>
    <ClCompile Include="Editor\LevelEditorMode.cpp">
      <Filter>Editor</Filter>
    </ClCompile>
    <ClCompile Include="Editor\LevelListMode.cpp">
      <Filter>Editor</Filter>
    </ClCompile>
    <ClCompile Include="Editor\FormationListMode.cpp">
      <Filter>Editor</Filter>
    </ClCompile>
    <ClCompile Include="Editor\FormationSectionEditorMode.cpp">
      <Filter>Editor</Filter>
    </ClCompile>
    <ClCompile Include="Editor\PathEditorMode.cpp">
      <Filter>Editor</Filter>
    </ClCompile>
    <ClCompile Include="Editor\PathListMode.cpp">
      <Filter>Editor</Filter>
    </ClCompile>
    <ClCompile Include="Editor\ModeMenu.cpp">
      <Filter>Editor</Filter>
    </ClCompile>
    <ClCompile Include="AppResources.cpp" />
  </ItemGroup>
  <ItemGroup>
    <ResourceCompile Include="resource.rc" />
  </ItemGroup>
  <ItemGroup>
    <Image Include="directx.ico">
      <Filter>Assets</Filter>
    </Image>
  </ItemGroup>
  <ItemGroup>
    <Manifest Include="settings.manifest">
      <Filter>Assets</Filter>
    </Manifest>
  </ItemGroup>
  <ItemGroup>
    <None Include="packages.config" />
  </ItemGroup>
</Project>